// !$*UTF8*$!
{
	archiveVersion = 1;
	classes = {
	};
	objectVersion = 50;
	objects = {

/* Begin PBXBuildFile section */
		2B2315D4262D69AE00BB66A8 /* AlertHelper.swift in Sources */ = {isa = PBXBuildFile; fileRef = 2B2315D3262D69AE00BB66A8 /* AlertHelper.swift */; };
		2B2315D9262D69DB00BB66A8 /* FlightsVM.swift in Sources */ = {isa = PBXBuildFile; fileRef = 2B2315D8262D69DB00BB66A8 /* FlightsVM.swift */; };
		2B2B0D45262E2AE900E29171 /* flightsMOC.json in Resources */ = {isa = PBXBuildFile; fileRef = 2B2B0D44262E2AE900E29171 /* flightsMOC.json */; };
		2B2B0D46262E2AE900E29171 /* flightsMOC.json in Resources */ = {isa = PBXBuildFile; fileRef = 2B2B0D44262E2AE900E29171 /* flightsMOC.json */; };
		2B491BF426286C9500F4D079 /* AppDelegate.swift in Sources */ = {isa = PBXBuildFile; fileRef = 2B491BF326286C9500F4D079 /* AppDelegate.swift */; };
		2B491BFB26286C9600F4D079 /* Main.storyboard in Resources */ = {isa = PBXBuildFile; fileRef = 2B491BF926286C9600F4D079 /* Main.storyboard */; };
		2B491BFD26286C9800F4D079 /* Assets.xcassets in Resources */ = {isa = PBXBuildFile; fileRef = 2B491BFC26286C9800F4D079 /* Assets.xcassets */; };
		2B491C0026286C9800F4D079 /* LaunchScreen.storyboard in Resources */ = {isa = PBXBuildFile; fileRef = 2B491BFE26286C9800F4D079 /* LaunchScreen.storyboard */; };
		2B491C0B26286C9800F4D079 /* kiwiTestTests.swift in Sources */ = {isa = PBXBuildFile; fileRef = 2B491C0A26286C9800F4D079 /* kiwiTestTests.swift */; };
		2B491C1626286C9800F4D079 /* kiwiTestUITests.swift in Sources */ = {isa = PBXBuildFile; fileRef = 2B491C1526286C9800F4D079 /* kiwiTestUITests.swift */; };
		2B54EFF6262DBC8E00B2921D /* FlightButton.swift in Sources */ = {isa = PBXBuildFile; fileRef = 2B54EFF5262DBC8E00B2921D /* FlightButton.swift */; };
		2B59AC43262C4DF700692A99 /* NetworkError.swift in Sources */ = {isa = PBXBuildFile; fileRef = 2B59AC42262C4DF700692A99 /* NetworkError.swift */; };
		2B59AC4B262C5AD900692A99 /* FlightInfoService.swift in Sources */ = {isa = PBXBuildFile; fileRef = 2B59AC4A262C5AD900692A99 /* FlightInfoService.swift */; };
		2B59AC50262C623700692A99 /* FlightsImageView.swift in Sources */ = {isa = PBXBuildFile; fileRef = 2B59AC4F262C623700692A99 /* FlightsImageView.swift */; };
		2B92D8EA262B04D000AAC438 /* FlightRequest.swift in Sources */ = {isa = PBXBuildFile; fileRef = 2B92D8E9262B04D000AAC438 /* FlightRequest.swift */; };
		2B92D8F8262B0EDA00AAC438 /* FlightResponseDictionary.swift in Sources */ = {isa = PBXBuildFile; fileRef = 2B92D8F7262B0EDA00AAC438 /* FlightResponseDictionary.swift */; };
		2B92D8FD262B0EED00AAC438 /* FlightResponse.swift in Sources */ = {isa = PBXBuildFile; fileRef = 2B92D8FC262B0EED00AAC438 /* FlightResponse.swift */; };
		2BE5EFE02628C7B70062F93D /* Coordinator.swift in Sources */ = {isa = PBXBuildFile; fileRef = 2BE5EFDF2628C7B70062F93D /* Coordinator.swift */; };
		2BE5EFE52628C8C00062F93D /* FlightsTVC.swift in Sources */ = {isa = PBXBuildFile; fileRef = 2BE5EFE42628C8C00062F93D /* FlightsTVC.swift */; };
		2BE5EFFA2629ADD00062F93D /* MainCoordinator.swift in Sources */ = {isa = PBXBuildFile; fileRef = 2BE5EFF92629ADD00062F93D /* MainCoordinator.swift */; };
		2BE5EFFF2629AFBA0062F93D /* WebVC.swift in Sources */ = {isa = PBXBuildFile; fileRef = 2BE5EFFE2629AFBA0062F93D /* WebVC.swift */; };
		2BE5F0072629B2710062F93D /* FlightListCell.swift in Sources */ = {isa = PBXBuildFile; fileRef = 2BE5F0062629B2710062F93D /* FlightListCell.swift */; };
		2BEF07E9262DB99F00B8F48F /* BlockingScreen.swift in Sources */ = {isa = PBXBuildFile; fileRef = 2BEF07E8262DB99F00B8F48F /* BlockingScreen.swift */; };
		2BFC1EBD2629B4AB005CAA59 /* FlightVM.swift in Sources */ = {isa = PBXBuildFile; fileRef = 2BFC1EBC2629B4AB005CAA59 /* FlightVM.swift */; };
		2BFC1EC62629C125005CAA59 /* NetworkService.swift in Sources */ = {isa = PBXBuildFile; fileRef = 2BFC1EC52629C125005CAA59 /* NetworkService.swift */; };
/* End PBXBuildFile section */

/* Begin PBXContainerItemProxy section */
		2B491C0726286C9800F4D079 /* PBXContainerItemProxy */ = {
			isa = PBXContainerItemProxy;
			containerPortal = 2B491BE826286C9500F4D079 /* Project object */;
			proxyType = 1;
			remoteGlobalIDString = 2B491BEF26286C9500F4D079;
			remoteInfo = kiwiTest;
		};
		2B491C1226286C9800F4D079 /* PBXContainerItemProxy */ = {
			isa = PBXContainerItemProxy;
			containerPortal = 2B491BE826286C9500F4D079 /* Project object */;
			proxyType = 1;
			remoteGlobalIDString = 2B491BEF26286C9500F4D079;
			remoteInfo = kiwiTest;
		};
/* End PBXContainerItemProxy section */

/* Begin PBXFileReference section */
		2B2315D3262D69AE00BB66A8 /* AlertHelper.swift */ = {isa = PBXFileReference; lastKnownFileType = sourcecode.swift; path = AlertHelper.swift; sourceTree = "<group>"; };
		2B2315D8262D69DB00BB66A8 /* FlightsVM.swift */ = {isa = PBXFileReference; lastKnownFileType = sourcecode.swift; path = FlightsVM.swift; sourceTree = "<group>"; };
		2B2B0D44262E2AE900E29171 /* flightsMOC.json */ = {isa = PBXFileReference; fileEncoding = 4; lastKnownFileType = text.json; path = flightsMOC.json; sourceTree = "<group>"; };
		2B491BF026286C9500F4D079 /* kiwiTest.app */ = {isa = PBXFileReference; explicitFileType = wrapper.application; includeInIndex = 0; path = kiwiTest.app; sourceTree = BUILT_PRODUCTS_DIR; };
		2B491BF326286C9500F4D079 /* AppDelegate.swift */ = {isa = PBXFileReference; lastKnownFileType = sourcecode.swift; path = AppDelegate.swift; sourceTree = "<group>"; };
		2B491BFA26286C9600F4D079 /* Base */ = {isa = PBXFileReference; lastKnownFileType = file.storyboard; name = Base; path = Base.lproj/Main.storyboard; sourceTree = "<group>"; };
		2B491BFC26286C9800F4D079 /* Assets.xcassets */ = {isa = PBXFileReference; lastKnownFileType = folder.assetcatalog; path = Assets.xcassets; sourceTree = "<group>"; };
		2B491BFF26286C9800F4D079 /* Base */ = {isa = PBXFileReference; lastKnownFileType = file.storyboard; name = Base; path = Base.lproj/LaunchScreen.storyboard; sourceTree = "<group>"; };
		2B491C0126286C9800F4D079 /* Info.plist */ = {isa = PBXFileReference; lastKnownFileType = text.plist.xml; path = Info.plist; sourceTree = "<group>"; };
		2B491C0626286C9800F4D079 /* kiwiTestTests.xctest */ = {isa = PBXFileReference; explicitFileType = wrapper.cfbundle; includeInIndex = 0; path = kiwiTestTests.xctest; sourceTree = BUILT_PRODUCTS_DIR; };
		2B491C0A26286C9800F4D079 /* kiwiTestTests.swift */ = {isa = PBXFileReference; lastKnownFileType = sourcecode.swift; path = kiwiTestTests.swift; sourceTree = "<group>"; };
		2B491C0C26286C9800F4D079 /* Info.plist */ = {isa = PBXFileReference; lastKnownFileType = text.plist.xml; path = Info.plist; sourceTree = "<group>"; };
		2B491C1126286C9800F4D079 /* kiwiTestUITests.xctest */ = {isa = PBXFileReference; explicitFileType = wrapper.cfbundle; includeInIndex = 0; path = kiwiTestUITests.xctest; sourceTree = BUILT_PRODUCTS_DIR; };
		2B491C1526286C9800F4D079 /* kiwiTestUITests.swift */ = {isa = PBXFileReference; lastKnownFileType = sourcecode.swift; path = kiwiTestUITests.swift; sourceTree = "<group>"; };
		2B491C1726286C9800F4D079 /* Info.plist */ = {isa = PBXFileReference; lastKnownFileType = text.plist.xml; path = Info.plist; sourceTree = "<group>"; };
		2B54EFF5262DBC8E00B2921D /* FlightButton.swift */ = {isa = PBXFileReference; lastKnownFileType = sourcecode.swift; path = FlightButton.swift; sourceTree = "<group>"; };
		2B59AC42262C4DF700692A99 /* NetworkError.swift */ = {isa = PBXFileReference; lastKnownFileType = sourcecode.swift; path = NetworkError.swift; sourceTree = "<group>"; };
		2B59AC4A262C5AD900692A99 /* FlightInfoService.swift */ = {isa = PBXFileReference; lastKnownFileType = sourcecode.swift; path = FlightInfoService.swift; sourceTree = "<group>"; };
		2B59AC4F262C623700692A99 /* FlightsImageView.swift */ = {isa = PBXFileReference; lastKnownFileType = sourcecode.swift; path = FlightsImageView.swift; sourceTree = "<group>"; };
		2B92D8E9262B04D000AAC438 /* FlightRequest.swift */ = {isa = PBXFileReference; lastKnownFileType = sourcecode.swift; path = FlightRequest.swift; sourceTree = "<group>"; };
		2B92D8F7262B0EDA00AAC438 /* FlightResponseDictionary.swift */ = {isa = PBXFileReference; lastKnownFileType = sourcecode.swift; path = FlightResponseDictionary.swift; sourceTree = "<group>"; };
		2B92D8FC262B0EED00AAC438 /* FlightResponse.swift */ = {isa = PBXFileReference; lastKnownFileType = sourcecode.swift; path = FlightResponse.swift; sourceTree = "<group>"; };
		2BE5EFDF2628C7B70062F93D /* Coordinator.swift */ = {isa = PBXFileReference; lastKnownFileType = sourcecode.swift; path = Coordinator.swift; sourceTree = "<group>"; };
		2BE5EFE42628C8C00062F93D /* FlightsTVC.swift */ = {isa = PBXFileReference; lastKnownFileType = sourcecode.swift; path = FlightsTVC.swift; sourceTree = "<group>"; };
		2BE5EFF92629ADD00062F93D /* MainCoordinator.swift */ = {isa = PBXFileReference; lastKnownFileType = sourcecode.swift; path = MainCoordinator.swift; sourceTree = "<group>"; };
		2BE5EFFE2629AFBA0062F93D /* WebVC.swift */ = {isa = PBXFileReference; lastKnownFileType = sourcecode.swift; path = WebVC.swift; sourceTree = "<group>"; };
		2BE5F0062629B2710062F93D /* FlightListCell.swift */ = {isa = PBXFileReference; lastKnownFileType = sourcecode.swift; path = FlightListCell.swift; sourceTree = "<group>"; };
		2BEF07E8262DB99F00B8F48F /* BlockingScreen.swift */ = {isa = PBXFileReference; lastKnownFileType = sourcecode.swift; path = BlockingScreen.swift; sourceTree = "<group>"; };
		2BFC1EBC2629B4AB005CAA59 /* FlightVM.swift */ = {isa = PBXFileReference; lastKnownFileType = sourcecode.swift; path = FlightVM.swift; sourceTree = "<group>"; };
		2BFC1EC52629C125005CAA59 /* NetworkService.swift */ = {isa = PBXFileReference; lastKnownFileType = sourcecode.swift; path = NetworkService.swift; sourceTree = "<group>"; };
/* End PBXFileReference section */

/* Begin PBXFrameworksBuildPhase section */
		2B491BED26286C9500F4D079 /* Frameworks */ = {
			isa = PBXFrameworksBuildPhase;
			buildActionMask = 2147483647;
			files = (
			);
			runOnlyForDeploymentPostprocessing = 0;
		};
		2B491C0326286C9800F4D079 /* Frameworks */ = {
			isa = PBXFrameworksBuildPhase;
			buildActionMask = 2147483647;
			files = (
			);
			runOnlyForDeploymentPostprocessing = 0;
		};
		2B491C0E26286C9800F4D079 /* Frameworks */ = {
			isa = PBXFrameworksBuildPhase;
			buildActionMask = 2147483647;
			files = (
			);
			runOnlyForDeploymentPostprocessing = 0;
		};
/* End PBXFrameworksBuildPhase section */

/* Begin PBXGroup section */
		2B491BE726286C9500F4D079 = {
			isa = PBXGroup;
			children = (
				2B491BF226286C9500F4D079 /* kiwiTest */,
				2B491C0926286C9800F4D079 /* kiwiTestTests */,
				2B491C1426286C9800F4D079 /* kiwiTestUITests */,
				2B491BF126286C9500F4D079 /* Products */,
			);
			sourceTree = "<group>";
		};
		2B491BF126286C9500F4D079 /* Products */ = {
			isa = PBXGroup;
			children = (
				2B491BF026286C9500F4D079 /* kiwiTest.app */,
				2B491C0626286C9800F4D079 /* kiwiTestTests.xctest */,
				2B491C1126286C9800F4D079 /* kiwiTestUITests.xctest */,
			);
			name = Products;
			sourceTree = "<group>";
		};
		2B491BF226286C9500F4D079 /* kiwiTest */ = {
			isa = PBXGroup;
			children = (
				2B491C3E26286F2600F4D079 /* App */,
				2BFC1EC32629C0C0005CAA59 /* Views */,
				2BFC1EC42629C0C6005CAA59 /* ViewControllers */,
				2BFC1EC12629C0AB005CAA59 /* ViewModels */,
				2B54EFFA262E1AA500B2921D /* Lib */,
				2B491C3D26286F0A00F4D079 /* Resources */,
			);
			path = kiwiTest;
			sourceTree = "<group>";
		};
		2B491C0926286C9800F4D079 /* kiwiTestTests */ = {
			isa = PBXGroup;
			children = (
				2B2B0D44262E2AE900E29171 /* flightsMOC.json */,
				2B491C0A26286C9800F4D079 /* kiwiTestTests.swift */,
				2B491C0C26286C9800F4D079 /* Info.plist */,
			);
			path = kiwiTestTests;
			sourceTree = "<group>";
		};
		2B491C1426286C9800F4D079 /* kiwiTestUITests */ = {
			isa = PBXGroup;
			children = (
				2B491C1526286C9800F4D079 /* kiwiTestUITests.swift */,
				2B491C1726286C9800F4D079 /* Info.plist */,
			);
			path = kiwiTestUITests;
			sourceTree = "<group>";
		};
		2B491C3D26286F0A00F4D079 /* Resources */ = {
			isa = PBXGroup;
			children = (
				2B491BF926286C9600F4D079 /* Main.storyboard */,
				2B491BFC26286C9800F4D079 /* Assets.xcassets */,
				2B491BFE26286C9800F4D079 /* LaunchScreen.storyboard */,
			);
			path = Resources;
			sourceTree = "<group>";
		};
		2B491C3E26286F2600F4D079 /* App */ = {
			isa = PBXGroup;
			children = (
				2B491C0126286C9800F4D079 /* Info.plist */,
				2B491BF326286C9500F4D079 /* AppDelegate.swift */,
			);
			path = App;
			sourceTree = "<group>";
		};
		2B54EFFA262E1AA500B2921D /* Lib */ = {
			isa = PBXGroup;
			children = (
				2B92D901262B0F0100AAC438 /* Network */,
				2BE5EFDF2628C7B70062F93D /* Coordinator.swift */,
				2B2315D3262D69AE00BB66A8 /* AlertHelper.swift */,
				2BEF07E8262DB99F00B8F48F /* BlockingScreen.swift */,
				2BE5EFF92629ADD00062F93D /* MainCoordinator.swift */,
			);
			path = Lib;
			sourceTree = "<group>";
		};
		2B92D901262B0F0100AAC438 /* Network */ = {
			isa = PBXGroup;
			children = (
				2B92D903262B0F2A00AAC438 /* ResponseObjects */,
				2B92D902262B0F1800AAC438 /* RequestObject */,
				2BFC1EC52629C125005CAA59 /* NetworkService.swift */,
				2B59AC4A262C5AD900692A99 /* FlightInfoService.swift */,
				2B59AC42262C4DF700692A99 /* NetworkError.swift */,
			);
			path = Network;
			sourceTree = "<group>";
		};
		2B92D902262B0F1800AAC438 /* RequestObject */ = {
			isa = PBXGroup;
			children = (
				2B92D8E9262B04D000AAC438 /* FlightRequest.swift */,
			);
			path = RequestObject;
			sourceTree = "<group>";
		};
		2B92D903262B0F2A00AAC438 /* ResponseObjects */ = {
			isa = PBXGroup;
			children = (
				2B92D8F7262B0EDA00AAC438 /* FlightResponseDictionary.swift */,
				2B92D8FC262B0EED00AAC438 /* FlightResponse.swift */,
			);
			path = ResponseObjects;
			sourceTree = "<group>";
		};
		2BFC1EC12629C0AB005CAA59 /* ViewModels */ = {
			isa = PBXGroup;
			children = (
				2BFC1EBC2629B4AB005CAA59 /* FlightVM.swift */,
				2B2315D8262D69DB00BB66A8 /* FlightsVM.swift */,
			);
			path = ViewModels;
			sourceTree = "<group>";
		};
		2BFC1EC32629C0C0005CAA59 /* Views */ = {
			isa = PBXGroup;
			children = (
				2B59AC4F262C623700692A99 /* FlightsImageView.swift */,
				2BE5F0062629B2710062F93D /* FlightListCell.swift */,
				2B54EFF5262DBC8E00B2921D /* FlightButton.swift */,
			);
			path = Views;
			sourceTree = "<group>";
		};
		2BFC1EC42629C0C6005CAA59 /* ViewControllers */ = {
			isa = PBXGroup;
			children = (
				2BE5EFE42628C8C00062F93D /* FlightsTVC.swift */,
				2BE5EFFE2629AFBA0062F93D /* WebVC.swift */,
			);
			path = ViewControllers;
			sourceTree = "<group>";
		};
/* End PBXGroup section */

/* Begin PBXNativeTarget section */
		2B491BEF26286C9500F4D079 /* kiwiTest */ = {
			isa = PBXNativeTarget;
			buildConfigurationList = 2B491C1A26286C9800F4D079 /* Build configuration list for PBXNativeTarget "kiwiTest" */;
			buildPhases = (
				2B491BEC26286C9500F4D079 /* Sources */,
				2B491BED26286C9500F4D079 /* Frameworks */,
				2B491BEE26286C9500F4D079 /* Resources */,
			);
			buildRules = (
			);
			dependencies = (
			);
			name = kiwiTest;
			productName = kiwiTest;
			productReference = 2B491BF026286C9500F4D079 /* kiwiTest.app */;
			productType = "com.apple.product-type.application";
		};
		2B491C0526286C9800F4D079 /* kiwiTestTests */ = {
			isa = PBXNativeTarget;
			buildConfigurationList = 2B491C1D26286C9800F4D079 /* Build configuration list for PBXNativeTarget "kiwiTestTests" */;
			buildPhases = (
				2B491C0226286C9800F4D079 /* Sources */,
				2B491C0326286C9800F4D079 /* Frameworks */,
				2B491C0426286C9800F4D079 /* Resources */,
			);
			buildRules = (
			);
			dependencies = (
				2B491C0826286C9800F4D079 /* PBXTargetDependency */,
			);
			name = kiwiTestTests;
			productName = kiwiTestTests;
			productReference = 2B491C0626286C9800F4D079 /* kiwiTestTests.xctest */;
			productType = "com.apple.product-type.bundle.unit-test";
		};
		2B491C1026286C9800F4D079 /* kiwiTestUITests */ = {
			isa = PBXNativeTarget;
			buildConfigurationList = 2B491C2026286C9800F4D079 /* Build configuration list for PBXNativeTarget "kiwiTestUITests" */;
			buildPhases = (
				2B491C0D26286C9800F4D079 /* Sources */,
				2B491C0E26286C9800F4D079 /* Frameworks */,
				2B491C0F26286C9800F4D079 /* Resources */,
			);
			buildRules = (
			);
			dependencies = (
				2B491C1326286C9800F4D079 /* PBXTargetDependency */,
			);
			name = kiwiTestUITests;
			productName = kiwiTestUITests;
			productReference = 2B491C1126286C9800F4D079 /* kiwiTestUITests.xctest */;
			productType = "com.apple.product-type.bundle.ui-testing";
		};
/* End PBXNativeTarget section */

/* Begin PBXProject section */
		2B491BE826286C9500F4D079 /* Project object */ = {
			isa = PBXProject;
			attributes = {
				LastSwiftUpdateCheck = 1240;
				LastUpgradeCheck = 1240;
				TargetAttributes = {
					2B491BEF26286C9500F4D079 = {
						CreatedOnToolsVersion = 12.4;
					};
					2B491C0526286C9800F4D079 = {
						CreatedOnToolsVersion = 12.4;
						TestTargetID = 2B491BEF26286C9500F4D079;
					};
					2B491C1026286C9800F4D079 = {
						CreatedOnToolsVersion = 12.4;
						TestTargetID = 2B491BEF26286C9500F4D079;
					};
				};
			};
			buildConfigurationList = 2B491BEB26286C9500F4D079 /* Build configuration list for PBXProject "kiwiTest" */;
			compatibilityVersion = "Xcode 9.3";
			developmentRegion = en;
			hasScannedForEncodings = 0;
			knownRegions = (
				en,
				Base,
			);
			mainGroup = 2B491BE726286C9500F4D079;
			productRefGroup = 2B491BF126286C9500F4D079 /* Products */;
			projectDirPath = "";
			projectRoot = "";
			targets = (
				2B491BEF26286C9500F4D079 /* kiwiTest */,
				2B491C0526286C9800F4D079 /* kiwiTestTests */,
				2B491C1026286C9800F4D079 /* kiwiTestUITests */,
			);
		};
/* End PBXProject section */

/* Begin PBXResourcesBuildPhase section */
		2B491BEE26286C9500F4D079 /* Resources */ = {
			isa = PBXResourcesBuildPhase;
			buildActionMask = 2147483647;
			files = (
				2B491C0026286C9800F4D079 /* LaunchScreen.storyboard in Resources */,
				2B491BFD26286C9800F4D079 /* Assets.xcassets in Resources */,
				2B491BFB26286C9600F4D079 /* Main.storyboard in Resources */,
				2B2B0D45262E2AE900E29171 /* flightsMOC.json in Resources */,
			);
			runOnlyForDeploymentPostprocessing = 0;
		};
		2B491C0426286C9800F4D079 /* Resources */ = {
			isa = PBXResourcesBuildPhase;
			buildActionMask = 2147483647;
			files = (
				2B2B0D46262E2AE900E29171 /* flightsMOC.json in Resources */,
			);
			runOnlyForDeploymentPostprocessing = 0;
		};
		2B491C0F26286C9800F4D079 /* Resources */ = {
			isa = PBXResourcesBuildPhase;
			buildActionMask = 2147483647;
			files = (
			);
			runOnlyForDeploymentPostprocessing = 0;
		};
/* End PBXResourcesBuildPhase section */

/* Begin PBXSourcesBuildPhase section */
		2B491BEC26286C9500F4D079 /* Sources */ = {
			isa = PBXSourcesBuildPhase;
			buildActionMask = 2147483647;
			files = (
				2B59AC50262C623700692A99 /* FlightsImageView.swift in Sources */,
				2BE5EFE02628C7B70062F93D /* Coordinator.swift in Sources */,
				2BFC1EC62629C125005CAA59 /* NetworkService.swift in Sources */,
				2B2315D4262D69AE00BB66A8 /* AlertHelper.swift in Sources */,
				2B92D8FD262B0EED00AAC438 /* FlightResponse.swift in Sources */,
				2BFC1EBD2629B4AB005CAA59 /* FlightVM.swift in Sources */,
				2B491BF426286C9500F4D079 /* AppDelegate.swift in Sources */,
				2B92D8F8262B0EDA00AAC438 /* FlightResponseDictionary.swift in Sources */,
				2B59AC43262C4DF700692A99 /* NetworkError.swift in Sources */,
				2BE5EFFF2629AFBA0062F93D /* WebVC.swift in Sources */,
				2BE5F0072629B2710062F93D /* FlightListCell.swift in Sources */,
				2B54EFF6262DBC8E00B2921D /* FlightButton.swift in Sources */,
				2BE5EFFA2629ADD00062F93D /* MainCoordinator.swift in Sources */,
				2B92D8EA262B04D000AAC438 /* FlightRequest.swift in Sources */,
				2B59AC4B262C5AD900692A99 /* FlightInfoService.swift in Sources */,
				2BEF07E9262DB99F00B8F48F /* BlockingScreen.swift in Sources */,
				2B2315D9262D69DB00BB66A8 /* FlightsVM.swift in Sources */,
				2BE5EFE52628C8C00062F93D /* FlightsTVC.swift in Sources */,
			);
			runOnlyForDeploymentPostprocessing = 0;
		};
		2B491C0226286C9800F4D079 /* Sources */ = {
			isa = PBXSourcesBuildPhase;
			buildActionMask = 2147483647;
			files = (
				2B491C0B26286C9800F4D079 /* kiwiTestTests.swift in Sources */,
			);
			runOnlyForDeploymentPostprocessing = 0;
		};
		2B491C0D26286C9800F4D079 /* Sources */ = {
			isa = PBXSourcesBuildPhase;
			buildActionMask = 2147483647;
			files = (
				2B491C1626286C9800F4D079 /* kiwiTestUITests.swift in Sources */,
			);
			runOnlyForDeploymentPostprocessing = 0;
		};
/* End PBXSourcesBuildPhase section */

/* Begin PBXTargetDependency section */
		2B491C0826286C9800F4D079 /* PBXTargetDependency */ = {
			isa = PBXTargetDependency;
			target = 2B491BEF26286C9500F4D079 /* kiwiTest */;
			targetProxy = 2B491C0726286C9800F4D079 /* PBXContainerItemProxy */;
		};
		2B491C1326286C9800F4D079 /* PBXTargetDependency */ = {
			isa = PBXTargetDependency;
			target = 2B491BEF26286C9500F4D079 /* kiwiTest */;
			targetProxy = 2B491C1226286C9800F4D079 /* PBXContainerItemProxy */;
		};
/* End PBXTargetDependency section */

/* Begin PBXVariantGroup section */
		2B491BF926286C9600F4D079 /* Main.storyboard */ = {
			isa = PBXVariantGroup;
			children = (
				2B491BFA26286C9600F4D079 /* Base */,
			);
			name = Main.storyboard;
			sourceTree = "<group>";
		};
		2B491BFE26286C9800F4D079 /* LaunchScreen.storyboard */ = {
			isa = PBXVariantGroup;
			children = (
				2B491BFF26286C9800F4D079 /* Base */,
			);
			name = LaunchScreen.storyboard;
			sourceTree = "<group>";
		};
/* End PBXVariantGroup section */

/* Begin XCBuildConfiguration section */
		2B491C1826286C9800F4D079 /* Debug */ = {
			isa = XCBuildConfiguration;
			buildSettings = {
				ALWAYS_SEARCH_USER_PATHS = NO;
				CLANG_ANALYZER_NONNULL = YES;
				CLANG_ANALYZER_NUMBER_OBJECT_CONVERSION = YES_AGGRESSIVE;
				CLANG_CXX_LANGUAGE_STANDARD = "gnu++14";
				CLANG_CXX_LIBRARY = "libc++";
				CLANG_ENABLE_MODULES = YES;
				CLANG_ENABLE_OBJC_ARC = YES;
				CLANG_ENABLE_OBJC_WEAK = YES;
				CLANG_WARN_BLOCK_CAPTURE_AUTORELEASING = YES;
				CLANG_WARN_BOOL_CONVERSION = YES;
				CLANG_WARN_COMMA = YES;
				CLANG_WARN_CONSTANT_CONVERSION = YES;
				CLANG_WARN_DEPRECATED_OBJC_IMPLEMENTATIONS = YES;
				CLANG_WARN_DIRECT_OBJC_ISA_USAGE = YES_ERROR;
				CLANG_WARN_DOCUMENTATION_COMMENTS = YES;
				CLANG_WARN_EMPTY_BODY = YES;
				CLANG_WARN_ENUM_CONVERSION = YES;
				CLANG_WARN_INFINITE_RECURSION = YES;
				CLANG_WARN_INT_CONVERSION = YES;
				CLANG_WARN_NON_LITERAL_NULL_CONVERSION = YES;
				CLANG_WARN_OBJC_IMPLICIT_RETAIN_SELF = YES;
				CLANG_WARN_OBJC_LITERAL_CONVERSION = YES;
				CLANG_WARN_OBJC_ROOT_CLASS = YES_ERROR;
				CLANG_WARN_QUOTED_INCLUDE_IN_FRAMEWORK_HEADER = YES;
				CLANG_WARN_RANGE_LOOP_ANALYSIS = YES;
				CLANG_WARN_STRICT_PROTOTYPES = YES;
				CLANG_WARN_SUSPICIOUS_MOVE = YES;
				CLANG_WARN_UNGUARDED_AVAILABILITY = YES_AGGRESSIVE;
				CLANG_WARN_UNREACHABLE_CODE = YES;
				CLANG_WARN__DUPLICATE_METHOD_MATCH = YES;
				COPY_PHASE_STRIP = NO;
				DEBUG_INFORMATION_FORMAT = dwarf;
				ENABLE_STRICT_OBJC_MSGSEND = YES;
				ENABLE_TESTABILITY = YES;
				GCC_C_LANGUAGE_STANDARD = gnu11;
				GCC_DYNAMIC_NO_PIC = NO;
				GCC_NO_COMMON_BLOCKS = YES;
				GCC_OPTIMIZATION_LEVEL = 0;
				GCC_PREPROCESSOR_DEFINITIONS = (
					"DEBUG=1",
					"$(inherited)",
				);
				GCC_WARN_64_TO_32_BIT_CONVERSION = YES;
				GCC_WARN_ABOUT_RETURN_TYPE = YES_ERROR;
				GCC_WARN_UNDECLARED_SELECTOR = YES;
				GCC_WARN_UNINITIALIZED_AUTOS = YES_AGGRESSIVE;
				GCC_WARN_UNUSED_FUNCTION = YES;
				GCC_WARN_UNUSED_VARIABLE = YES;
				IPHONEOS_DEPLOYMENT_TARGET = 14.4;
				MTL_ENABLE_DEBUG_INFO = INCLUDE_SOURCE;
				MTL_FAST_MATH = YES;
				ONLY_ACTIVE_ARCH = YES;
				SDKROOT = iphoneos;
				SWIFT_ACTIVE_COMPILATION_CONDITIONS = DEBUG;
				SWIFT_OPTIMIZATION_LEVEL = "-Onone";
			};
			name = Debug;
		};
		2B491C1926286C9800F4D079 /* Release */ = {
			isa = XCBuildConfiguration;
			buildSettings = {
				ALWAYS_SEARCH_USER_PATHS = NO;
				CLANG_ANALYZER_NONNULL = YES;
				CLANG_ANALYZER_NUMBER_OBJECT_CONVERSION = YES_AGGRESSIVE;
				CLANG_CXX_LANGUAGE_STANDARD = "gnu++14";
				CLANG_CXX_LIBRARY = "libc++";
				CLANG_ENABLE_MODULES = YES;
				CLANG_ENABLE_OBJC_ARC = YES;
				CLANG_ENABLE_OBJC_WEAK = YES;
				CLANG_WARN_BLOCK_CAPTURE_AUTORELEASING = YES;
				CLANG_WARN_BOOL_CONVERSION = YES;
				CLANG_WARN_COMMA = YES;
				CLANG_WARN_CONSTANT_CONVERSION = YES;
				CLANG_WARN_DEPRECATED_OBJC_IMPLEMENTATIONS = YES;
				CLANG_WARN_DIRECT_OBJC_ISA_USAGE = YES_ERROR;
				CLANG_WARN_DOCUMENTATION_COMMENTS = YES;
				CLANG_WARN_EMPTY_BODY = YES;
				CLANG_WARN_ENUM_CONVERSION = YES;
				CLANG_WARN_INFINITE_RECURSION = YES;
				CLANG_WARN_INT_CONVERSION = YES;
				CLANG_WARN_NON_LITERAL_NULL_CONVERSION = YES;
				CLANG_WARN_OBJC_IMPLICIT_RETAIN_SELF = YES;
				CLANG_WARN_OBJC_LITERAL_CONVERSION = YES;
				CLANG_WARN_OBJC_ROOT_CLASS = YES_ERROR;
				CLANG_WARN_QUOTED_INCLUDE_IN_FRAMEWORK_HEADER = YES;
				CLANG_WARN_RANGE_LOOP_ANALYSIS = YES;
				CLANG_WARN_STRICT_PROTOTYPES = YES;
				CLANG_WARN_SUSPICIOUS_MOVE = YES;
				CLANG_WARN_UNGUARDED_AVAILABILITY = YES_AGGRESSIVE;
				CLANG_WARN_UNREACHABLE_CODE = YES;
				CLANG_WARN__DUPLICATE_METHOD_MATCH = YES;
				COPY_PHASE_STRIP = NO;
				DEBUG_INFORMATION_FORMAT = "dwarf-with-dsym";
				ENABLE_NS_ASSERTIONS = NO;
				ENABLE_STRICT_OBJC_MSGSEND = YES;
				GCC_C_LANGUAGE_STANDARD = gnu11;
				GCC_NO_COMMON_BLOCKS = YES;
				GCC_WARN_64_TO_32_BIT_CONVERSION = YES;
				GCC_WARN_ABOUT_RETURN_TYPE = YES_ERROR;
				GCC_WARN_UNDECLARED_SELECTOR = YES;
				GCC_WARN_UNINITIALIZED_AUTOS = YES_AGGRESSIVE;
				GCC_WARN_UNUSED_FUNCTION = YES;
				GCC_WARN_UNUSED_VARIABLE = YES;
				IPHONEOS_DEPLOYMENT_TARGET = 14.4;
				MTL_ENABLE_DEBUG_INFO = NO;
				MTL_FAST_MATH = YES;
				SDKROOT = iphoneos;
				SWIFT_COMPILATION_MODE = wholemodule;
				SWIFT_OPTIMIZATION_LEVEL = "-O";
				VALIDATE_PRODUCT = YES;
			};
			name = Release;
		};
		2B491C1B26286C9800F4D079 /* Debug */ = {
			isa = XCBuildConfiguration;
			buildSettings = {
				ASSETCATALOG_COMPILER_APPICON_NAME = AppIcon;
				ASSETCATALOG_COMPILER_GLOBAL_ACCENT_COLOR_NAME = AccentColor;
				CODE_SIGN_STYLE = Automatic;
				DEVELOPMENT_TEAM = DT2VAVR98J;
				INFOPLIST_FILE = kiwiTest/App/Info.plist;
				LD_RUNPATH_SEARCH_PATHS = (
					"$(inherited)",
					"@executable_path/Frameworks",
				);
				PRODUCT_BUNDLE_IDENTIFIER = com.kiwiTest.paja.kiwiTest;
				PRODUCT_NAME = "$(TARGET_NAME)";
				SWIFT_VERSION = 5.0;
				TARGETED_DEVICE_FAMILY = "1,2";
			};
			name = Debug;
		};
		2B491C1C26286C9800F4D079 /* Release */ = {
			isa = XCBuildConfiguration;
			buildSettings = {
				ASSETCATALOG_COMPILER_APPICON_NAME = AppIcon;
				ASSETCATALOG_COMPILER_GLOBAL_ACCENT_COLOR_NAME = AccentColor;
				CODE_SIGN_STYLE = Automatic;
				DEVELOPMENT_TEAM = DT2VAVR98J;
				INFOPLIST_FILE = kiwiTest/App/Info.plist;
				LD_RUNPATH_SEARCH_PATHS = (
					"$(inherited)",
					"@executable_path/Frameworks",
				);
				PRODUCT_BUNDLE_IDENTIFIER = com.kiwiTest.paja.kiwiTest;
				PRODUCT_NAME = "$(TARGET_NAME)";
				SWIFT_VERSION = 5.0;
				TARGETED_DEVICE_FAMILY = "1,2";
			};
			name = Release;
		};
		2B491C1E26286C9800F4D079 /* Debug */ = {
			isa = XCBuildConfiguration;
			buildSettings = {
				ALWAYS_EMBED_SWIFT_STANDARD_LIBRARIES = YES;
				BUNDLE_LOADER = "$(TEST_HOST)";
				CODE_SIGN_STYLE = Automatic;
				INFOPLIST_FILE = kiwiTestTests/Info.plist;
				IPHONEOS_DEPLOYMENT_TARGET = 14.4;
				LD_RUNPATH_SEARCH_PATHS = (
					"$(inherited)",
					"@executable_path/Frameworks",
					"@loader_path/Frameworks",
				);
				PRODUCT_BUNDLE_IDENTIFIER = com.kiwiTest.paja.kiwiTestTests;
				PRODUCT_NAME = "$(TARGET_NAME)";
				SWIFT_VERSION = 5.0;
				TARGETED_DEVICE_FAMILY = "1,2";
				TEST_HOST = "$(BUILT_PRODUCTS_DIR)/kiwiTest.app/kiwiTest";
			};
			name = Debug;
		};
		2B491C1F26286C9800F4D079 /* Release */ = {
			isa = XCBuildConfiguration;
			buildSettings = {
				ALWAYS_EMBED_SWIFT_STANDARD_LIBRARIES = YES;
				BUNDLE_LOADER = "$(TEST_HOST)";
				CODE_SIGN_STYLE = Automatic;
				INFOPLIST_FILE = kiwiTestTests/Info.plist;
				IPHONEOS_DEPLOYMENT_TARGET = 14.4;
				LD_RUNPATH_SEARCH_PATHS = (
					"$(inherited)",
					"@executable_path/Frameworks",
					"@loader_path/Frameworks",
				);
				PRODUCT_BUNDLE_IDENTIFIER = com.kiwiTest.paja.kiwiTestTests;
				PRODUCT_NAME = "$(TARGET_NAME)";
				SWIFT_VERSION = 5.0;
				TARGETED_DEVICE_FAMILY = "1,2";
				TEST_HOST = "$(BUILT_PRODUCTS_DIR)/kiwiTest.app/kiwiTest";
			};
			name = Release;
		};
		2B491C2126286C9800F4D079 /* Debug */ = {
			isa = XCBuildConfiguration;
			buildSettings = {
				ALWAYS_EMBED_SWIFT_STANDARD_LIBRARIES = YES;
				CODE_SIGN_STYLE = Automatic;
				INFOPLIST_FILE = kiwiTestUITests/Info.plist;
				LD_RUNPATH_SEARCH_PATHS = (
					"$(inherited)",
					"@executable_path/Frameworks",
					"@loader_path/Frameworks",
				);
				PRODUCT_BUNDLE_IDENTIFIER = com.kiwiTest.paja.kiwiTestUITests;
				PRODUCT_NAME = "$(TARGET_NAME)";
				SWIFT_VERSION = 5.0;
				TARGETED_DEVICE_FAMILY = "1,2";
				TEST_TARGET_NAME = kiwiTest;
			};
			name = Debug;
		};
		2B491C2226286C9800F4D079 /* Release */ = {
			isa = XCBuildConfiguration;
			buildSettings = {
				ALWAYS_EMBED_SWIFT_STANDARD_LIBRARIES = YES;
				CODE_SIGN_STYLE = Automatic;
				INFOPLIST_FILE = kiwiTestUITests/Info.plist;
				LD_RUNPATH_SEARCH_PATHS = (
					"$(inherited)",
					"@executable_path/Frameworks",
					"@loader_path/Frameworks",
				);
				PRODUCT_BUNDLE_IDENTIFIER = com.kiwiTest.paja.kiwiTestUITests;
				PRODUCT_NAME = "$(TARGET_NAME)";
				SWIFT_VERSION = 5.0;
				TARGETED_DEVICE_FAMILY = "1,2";
				TEST_TARGET_NAME = kiwiTest;
			};
			name = Release;
		};
/* End XCBuildConfiguration section */

/* Begin XCConfigurationList section */
		2B491BEB26286C9500F4D079 /* Build configuration list for PBXProject "kiwiTest" */ = {
			isa = XCConfigurationList;
			buildConfigurations = (
				2B491C1826286C9800F4D079 /* Debug */,
				2B491C1926286C9800F4D079 /* Release */,
			);
			defaultConfigurationIsVisible = 0;
			defaultConfigurationName = Release;
		};
		2B491C1A26286C9800F4D079 /* Build configuration list for PBXNativeTarget "kiwiTest" */ = {
			isa = XCConfigurationList;
			buildConfigurations = (
				2B491C1B26286C9800F4D079 /* Debug */,
				2B491C1C26286C9800F4D079 /* Release */,
			);
			defaultConfigurationIsVisible = 0;
			defaultConfigurationName = Release;
		};
		2B491C1D26286C9800F4D079 /* Build configuration list for PBXNativeTarget "kiwiTestTests" */ = {
			isa = XCConfigurationList;
			buildConfigurations = (
				2B491C1E26286C9800F4D079 /* Debug */,
				2B491C1F26286C9800F4D079 /* Release */,
			);
			defaultConfigurationIsVisible = 0;
			defaultConfigurationName = Release;
		};
		2B491C2026286C9800F4D079 /* Build configuration list for PBXNativeTarget "kiwiTestUITests" */ = {
			isa = XCConfigurationList;
			buildConfigurations = (
				2B491C2126286C9800F4D079 /* Debug */,
				2B491C2226286C9800F4D079 /* Release */,
			);
			defaultConfigurationIsVisible = 0;
			defaultConfigurationName = Release;
		};
/* End XCConfigurationList section */
	};
	rootObject = 2B491BE826286C9500F4D079 /* Project object */;
}
